
Microsoft Visual Studio Solution File, Format Version 12.00
# Visual Studio Version 16
VisualStudioVersion = 16.0.30114.105
MinimumVisualStudioVersion = 10.0.40219.1
Project("{FAE04EC0-301F-11D3-BF4B-00C04F79EFBC}") = "API", "API\API.csproj", "{6AE5951F-36D1-475D-A5C2-28385749DCC0}"
EndProject
Project("{FAE04EC0-301F-11D3-BF4B-00C04F79EFBC}") = "ConsoleUI", "ConsoleUI\ConsoleUI.csproj", "{4332BF00-0267-48CA-A826-1C40824205AD}"
EndProject
Project("{FAE04EC0-301F-11D3-BF4B-00C04F79EFBC}") = "Model", "Model\Model.csproj", "{EFB28D2B-6313-4DEC-847B-75F33ADE5395}"
EndProject
Project("{FAE04EC0-301F-11D3-BF4B-00C04F79EFBC}") = "Services", "Services\Services.csproj", "{A3679555-9D32-4D62-9C77-6C2A65CEF172}"
EndProject
Project("{FAE04EC0-301F-11D3-BF4B-00C04F79EFBC}") = "ConsoleHost", "ConsoleHost\ConsoleHost.csproj", "{189072A1-E539-41F6-BA8B-EEF98824AC14}"
EndProject
Project("{FAE04EC0-301F-11D3-BF4B-00C04F79EFBC}") = "DTO", "DTO\DTO.csproj", "{3DCC5725-FCD3-424D-9F70-03FE99D6A660}"
EndProject
Project("{FAE04EC0-301F-11D3-BF4B-00C04F79EFBC}") = "Model.Postgres", "Model.Postgres\Model.Postgres.csproj", "{FCE99393-5BD5-4ED5-AD79-D262979BA123}"
EndProject
Global
	GlobalSection(SolutionConfigurationPlatforms) = preSolution
		Debug|Any CPU = Debug|Any CPU
		Debug|x64 = Debug|x64
		Debug|x86 = Debug|x86
		Release|Any CPU = Release|Any CPU
		Release|x64 = Release|x64
		Release|x86 = Release|x86
	EndGlobalSection
	GlobalSection(SolutionProperties) = preSolution
		HideSolutionNode = FALSE
	EndGlobalSection
	GlobalSection(ProjectConfigurationPlatforms) = postSolution
		{6AE5951F-36D1-475D-A5C2-28385749DCC0}.Debug|Any CPU.ActiveCfg = Debug|Any CPU
		{6AE5951F-36D1-475D-A5C2-28385749DCC0}.Debug|Any CPU.Build.0 = Debug|Any CPU
		{6AE5951F-36D1-475D-A5C2-28385749DCC0}.Debug|x64.ActiveCfg = Debug|Any CPU
		{6AE5951F-36D1-475D-A5C2-28385749DCC0}.Debug|x64.Build.0 = Debug|Any CPU
		{6AE5951F-36D1-475D-A5C2-28385749DCC0}.Debug|x86.ActiveCfg = Debug|Any CPU
		{6AE5951F-36D1-475D-A5C2-28385749DCC0}.Debug|x86.Build.0 = Debug|Any CPU
		{6AE5951F-36D1-475D-A5C2-28385749DCC0}.Release|Any CPU.ActiveCfg = Release|Any CPU
		{6AE5951F-36D1-475D-A5C2-28385749DCC0}.Release|Any CPU.Build.0 = Release|Any CPU
		{6AE5951F-36D1-475D-A5C2-28385749DCC0}.Release|x64.ActiveCfg = Release|Any CPU
		{6AE5951F-36D1-475D-A5C2-28385749DCC0}.Release|x64.Build.0 = Release|Any CPU
		{6AE5951F-36D1-475D-A5C2-28385749DCC0}.Release|x86.ActiveCfg = Release|Any CPU
		{6AE5951F-36D1-475D-A5C2-28385749DCC0}.Release|x86.Build.0 = Release|Any CPU
		{4332BF00-0267-48CA-A826-1C40824205AD}.Debug|Any CPU.ActiveCfg = Debug|Any CPU
		{4332BF00-0267-48CA-A826-1C40824205AD}.Debug|Any CPU.Build.0 = Debug|Any CPU
		{4332BF00-0267-48CA-A826-1C40824205AD}.Debug|x64.ActiveCfg = Debug|Any CPU
		{4332BF00-0267-48CA-A826-1C40824205AD}.Debug|x64.Build.0 = Debug|Any CPU
		{4332BF00-0267-48CA-A826-1C40824205AD}.Debug|x86.ActiveCfg = Debug|Any CPU
		{4332BF00-0267-48CA-A826-1C40824205AD}.Debug|x86.Build.0 = Debug|Any CPU
		{4332BF00-0267-48CA-A826-1C40824205AD}.Release|Any CPU.ActiveCfg = Release|Any CPU
		{4332BF00-0267-48CA-A826-1C40824205AD}.Release|Any CPU.Build.0 = Release|Any CPU
		{4332BF00-0267-48CA-A826-1C40824205AD}.Release|x64.ActiveCfg = Release|Any CPU
		{4332BF00-0267-48CA-A826-1C40824205AD}.Release|x64.Build.0 = Release|Any CPU
		{4332BF00-0267-48CA-A826-1C40824205AD}.Release|x86.ActiveCfg = Release|Any CPU
		{4332BF00-0267-48CA-A826-1C40824205AD}.Release|x86.Build.0 = Release|Any CPU
		{EFB28D2B-6313-4DEC-847B-75F33ADE5395}.Debug|Any CPU.ActiveCfg = Debug|Any CPU
		{EFB28D2B-6313-4DEC-847B-75F33ADE5395}.Debug|Any CPU.Build.0 = Debug|Any CPU
		{EFB28D2B-6313-4DEC-847B-75F33ADE5395}.Debug|x64.ActiveCfg = Debug|Any CPU
		{EFB28D2B-6313-4DEC-847B-75F33ADE5395}.Debug|x64.Build.0 = Debug|Any CPU
		{EFB28D2B-6313-4DEC-847B-75F33ADE5395}.Debug|x86.ActiveCfg = Debug|Any CPU
		{EFB28D2B-6313-4DEC-847B-75F33ADE5395}.Debug|x86.Build.0 = Debug|Any CPU
		{EFB28D2B-6313-4DEC-847B-75F33ADE5395}.Release|Any CPU.ActiveCfg = Release|Any CPU
		{EFB28D2B-6313-4DEC-847B-75F33ADE5395}.Release|Any CPU.Build.0 = Release|Any CPU
		{EFB28D2B-6313-4DEC-847B-75F33ADE5395}.Release|x64.ActiveCfg = Release|Any CPU
		{EFB28D2B-6313-4DEC-847B-75F33ADE5395}.Release|x64.Build.0 = Release|Any CPU
		{EFB28D2B-6313-4DEC-847B-75F33ADE5395}.Release|x86.ActiveCfg = Release|Any CPU
		{EFB28D2B-6313-4DEC-847B-75F33ADE5395}.Release|x86.Build.0 = Release|Any CPU
		{A3679555-9D32-4D62-9C77-6C2A65CEF172}.Debug|Any CPU.ActiveCfg = Debug|Any CPU
		{A3679555-9D32-4D62-9C77-6C2A65CEF172}.Debug|Any CPU.Build.0 = Debug|Any CPU
		{A3679555-9D32-4D62-9C77-6C2A65CEF172}.Debug|x64.ActiveCfg = Debug|Any CPU
		{A3679555-9D32-4D62-9C77-6C2A65CEF172}.Debug|x64.Build.0 = Debug|Any CPU
		{A3679555-9D32-4D62-9C77-6C2A65CEF172}.Debug|x86.ActiveCfg = Debug|Any CPU
		{A3679555-9D32-4D62-9C77-6C2A65CEF172}.Debug|x86.Build.0 = Debug|Any CPU
		{A3679555-9D32-4D62-9C77-6C2A65CEF172}.Release|Any CPU.ActiveCfg = Release|Any CPU
		{A3679555-9D32-4D62-9C77-6C2A65CEF172}.Release|Any CPU.Build.0 = Release|Any CPU
		{A3679555-9D32-4D62-9C77-6C2A65CEF172}.Release|x64.ActiveCfg = Release|Any CPU
		{A3679555-9D32-4D62-9C77-6C2A65CEF172}.Release|x64.Build.0 = Release|Any CPU
		{A3679555-9D32-4D62-9C77-6C2A65CEF172}.Release|x86.ActiveCfg = Release|Any CPU
		{A3679555-9D32-4D62-9C77-6C2A65CEF172}.Release|x86.Build.0 = Release|Any CPU
		{189072A1-E539-41F6-BA8B-EEF98824AC14}.Debug|Any CPU.ActiveCfg = Debug|Any CPU
		{189072A1-E539-41F6-BA8B-EEF98824AC14}.Debug|Any CPU.Build.0 = Debug|Any CPU
		{189072A1-E539-41F6-BA8B-EEF98824AC14}.Debug|x64.ActiveCfg = Debug|Any CPU
		{189072A1-E539-41F6-BA8B-EEF98824AC14}.Debug|x64.Build.0 = Debug|Any CPU
		{189072A1-E539-41F6-BA8B-EEF98824AC14}.Debug|x86.ActiveCfg = Debug|Any CPU
		{189072A1-E539-41F6-BA8B-EEF98824AC14}.Debug|x86.Build.0 = Debug|Any CPU
		{189072A1-E539-41F6-BA8B-EEF98824AC14}.Release|Any CPU.ActiveCfg = Release|Any CPU
		{189072A1-E539-41F6-BA8B-EEF98824AC14}.Release|Any CPU.Build.0 = Release|Any CPU
		{189072A1-E539-41F6-BA8B-EEF98824AC14}.Release|x64.ActiveCfg = Release|Any CPU
		{189072A1-E539-41F6-BA8B-EEF98824AC14}.Release|x64.Build.0 = Release|Any CPU
		{189072A1-E539-41F6-BA8B-EEF98824AC14}.Release|x86.ActiveCfg = Release|Any CPU
		{189072A1-E539-41F6-BA8B-EEF98824AC14}.Release|x86.Build.0 = Release|Any CPU
		{3DCC5725-FCD3-424D-9F70-03FE99D6A660}.Debug|Any CPU.ActiveCfg = Debug|Any CPU
		{3DCC5725-FCD3-424D-9F70-03FE99D6A660}.Debug|Any CPU.Build.0 = Debug|Any CPU
		{3DCC5725-FCD3-424D-9F70-03FE99D6A660}.Debug|x64.ActiveCfg = Debug|Any CPU
		{3DCC5725-FCD3-424D-9F70-03FE99D6A660}.Debug|x64.Build.0 = Debug|Any CPU
		{3DCC5725-FCD3-424D-9F70-03FE99D6A660}.Debug|x86.ActiveCfg = Debug|Any CPU
		{3DCC5725-FCD3-424D-9F70-03FE99D6A660}.Debug|x86.Build.0 = Debug|Any CPU
		{3DCC5725-FCD3-424D-9F70-03FE99D6A660}.Release|Any CPU.ActiveCfg = Release|Any CPU
		{3DCC5725-FCD3-424D-9F70-03FE99D6A660}.Release|Any CPU.Build.0 = Release|Any CPU
		{3DCC5725-FCD3-424D-9F70-03FE99D6A660}.Release|x64.ActiveCfg = Release|Any CPU
		{3DCC5725-FCD3-424D-9F70-03FE99D6A660}.Release|x64.Build.0 = Release|Any CPU
		{3DCC5725-FCD3-424D-9F70-03FE99D6A660}.Release|x86.ActiveCfg = Release|Any CPU
		{3DCC5725-FCD3-424D-9F70-03FE99D6A660}.Release|x86.Build.0 = Release|Any CPU
		{FCE99393-5BD5-4ED5-AD79-D262979BA123}.Debug|Any CPU.ActiveCfg = Debug|Any CPU
		{FCE99393-5BD5-4ED5-AD79-D262979BA123}.Debug|Any CPU.Build.0 = Debug|Any CPU
		{FCE99393-5BD5-4ED5-AD79-D262979BA123}.Debug|x64.ActiveCfg = Debug|Any CPU
		{FCE99393-5BD5-4ED5-AD79-D262979BA123}.Debug|x64.Build.0 = Debug|Any CPU
		{FCE99393-5BD5-4ED5-AD79-D262979BA123}.Debug|x86.ActiveCfg = Debug|Any CPU
		{FCE99393-5BD5-4ED5-AD79-D262979BA123}.Debug|x86.Build.0 = Debug|Any CPU
		{FCE99393-5BD5-4ED5-AD79-D262979BA123}.Release|Any CPU.ActiveCfg = Release|Any CPU
		{FCE99393-5BD5-4ED5-AD79-D262979BA123}.Release|Any CPU.Build.0 = Release|Any CPU
		{FCE99393-5BD5-4ED5-AD79-D262979BA123}.Release|x64.ActiveCfg = Release|Any CPU
		{FCE99393-5BD5-4ED5-AD79-D262979BA123}.Release|x64.Build.0 = Release|Any CPU
		{FCE99393-5BD5-4ED5-AD79-D262979BA123}.Release|x86.ActiveCfg = Release|Any CPU
		{FCE99393-5BD5-4ED5-AD79-D262979BA123}.Release|x86.Build.0 = Release|Any CPU
	EndGlobalSection
EndGlobal
